// !$*UTF8*$!
{
	archiveVersion = 1;
	classes = {
	};
	objectVersion = 46;
	objects = {

/* Begin PBXBuildFile section */
		986E821D1B393FC60079E915 /* main.m in Sources */ = {isa = PBXBuildFile; fileRef = 986E821C1B393FC60079E915 /* main.m */; };
		986E82201B393FC60079E915 /* AppDelegate.m in Sources */ = {isa = PBXBuildFile; fileRef = 986E821F1B393FC60079E915 /* AppDelegate.m */; };
		986E82231B393FC60079E915 /* FirstViewController.m in Sources */ = {isa = PBXBuildFile; fileRef = 986E82221B393FC60079E915 /* FirstViewController.m */; };
		986E82261B393FC60079E915 /* SecondViewController.m in Sources */ = {isa = PBXBuildFile; fileRef = 986E82251B393FC60079E915 /* SecondViewController.m */; };
		986E82291B393FC60079E915 /* Main.storyboard in Resources */ = {isa = PBXBuildFile; fileRef = 986E82271B393FC60079E915 /* Main.storyboard */; };
		986E822B1B393FC60079E915 /* Images.xcassets in Resources */ = {isa = PBXBuildFile; fileRef = 986E822A1B393FC60079E915 /* Images.xcassets */; };
		986E822E1B393FC60079E915 /* LaunchScreen.xib in Resources */ = {isa = PBXBuildFile; fileRef = 986E822C1B393FC60079E915 /* LaunchScreen.xib */; };
		986E823A1B393FC60079E915 /* TbBTBasicSampleTests.m in Sources */ = {isa = PBXBuildFile; fileRef = 986E82391B393FC60079E915 /* TbBTBasicSampleTests.m */; };
/* End PBXBuildFile section */

/* Begin PBXContainerItemProxy section */
		986E82341B393FC60079E915 /* PBXContainerItemProxy */ = {
			isa = PBXContainerItemProxy;
			containerPortal = 986E820F1B393FC60079E915 /* Project object */;
			proxyType = 1;
			remoteGlobalIDString = 986E82161B393FC60079E915;
			remoteInfo = TbBTBasicSample;
		};
/* End PBXContainerItemProxy section */

/* Begin PBXFileReference section */
		986E82171B393FC60079E915 /* TbBTBasicSample.app */ = {isa = PBXFileReference; explicitFileType = wrapper.application; includeInIndex = 0; path = TbBTBasicSample.app; sourceTree = BUILT_PRODUCTS_DIR; };
		986E821B1B393FC60079E915 /* Info.plist */ = {isa = PBXFileReference; lastKnownFileType = text.plist.xml; path = Info.plist; sourceTree = "<group>"; };
		986E821C1B393FC60079E915 /* main.m */ = {isa = PBXFileReference; lastKnownFileType = sourcecode.c.objc; path = main.m; sourceTree = "<group>"; };
		986E821E1B393FC60079E915 /* AppDelegate.h */ = {isa = PBXFileReference; lastKnownFileType = sourcecode.c.h; path = AppDelegate.h; sourceTree = "<group>"; };
		986E821F1B393FC60079E915 /* AppDelegate.m */ = {isa = PBXFileReference; lastKnownFileType = sourcecode.c.objc; path = AppDelegate.m; sourceTree = "<group>"; };
		986E82211B393FC60079E915 /* FirstViewController.h */ = {isa = PBXFileReference; lastKnownFileType = sourcecode.c.h; path = FirstViewController.h; sourceTree = "<group>"; };
		986E82221B393FC60079E915 /* FirstViewController.m */ = {isa = PBXFileReference; lastKnownFileType = sourcecode.c.objc; path = FirstViewController.m; sourceTree = "<group>"; };
		986E82241B393FC60079E915 /* SecondViewController.h */ = {isa = PBXFileReference; lastKnownFileType = sourcecode.c.h; path = SecondViewController.h; sourceTree = "<group>"; };
		986E82251B393FC60079E915 /* SecondViewController.m */ = {isa = PBXFileReference; lastKnownFileType = sourcecode.c.objc; path = SecondViewController.m; sourceTree = "<group>"; };
		986E82281B393FC60079E915 /* Base */ = {isa = PBXFileReference; lastKnownFileType = file.storyboard; name = Base; path = Base.lproj/Main.storyboard; sourceTree = "<group>"; };
		986E822A1B393FC60079E915 /* Images.xcassets */ = {isa = PBXFileReference; lastKnownFileType = folder.assetcatalog; path = Images.xcassets; sourceTree = "<group>"; };
		986E822D1B393FC60079E915 /* Base */ = {isa = PBXFileReference; lastKnownFileType = file.xib; name = Base; path = Base.lproj/LaunchScreen.xib; sourceTree = "<group>"; };
		986E82331B393FC60079E915 /* TbBTBasicSampleTests.xctest */ = {isa = PBXFileReference; explicitFileType = wrapper.cfbundle; includeInIndex = 0; path = TbBTBasicSampleTests.xctest; sourceTree = BUILT_PRODUCTS_DIR; };
		986E82381B393FC60079E915 /* Info.plist */ = {isa = PBXFileReference; lastKnownFileType = text.plist.xml; path = Info.plist; sourceTree = "<group>"; };
		986E82391B393FC60079E915 /* TbBTBasicSampleTests.m */ = {isa = PBXFileReference; lastKnownFileType = sourcecode.c.objc; path = TbBTBasicSampleTests.m; sourceTree = "<group>"; };
/* End PBXFileReference section */

/* Begin PBXFrameworksBuildPhase section */
		986E82141B393FC60079E915 /* Frameworks */ = {
			isa = PBXFrameworksBuildPhase;
			buildActionMask = 2147483647;
			files = (
			);
			runOnlyForDeploymentPostprocessing = 0;
		};
		986E82301B393FC60079E915 /* Frameworks */ = {
			isa = PBXFrameworksBuildPhase;
			buildActionMask = 2147483647;
			files = (
			);
			runOnlyForDeploymentPostprocessing = 0;
		};
/* End PBXFrameworksBuildPhase section */

/* Begin PBXGroup section */
		986E820E1B393FC60079E915 = {
			isa = PBXGroup;
			children = (
				986E82191B393FC60079E915 /* TbBTBasicSample */,
				986E82361B393FC60079E915 /* TbBTBasicSampleTests */,
				986E82181B393FC60079E915 /* Products */,
			);
			sourceTree = "<group>";
		};
		986E82181B393FC60079E915 /* Products */ = {
			isa = PBXGroup;
			children = (
				986E82171B393FC60079E915 /* TbBTBasicSample.app */,
				986E82331B393FC60079E915 /* TbBTBasicSampleTests.xctest */,
			);
			name = Products;
			sourceTree = "<group>";
		};
		986E82191B393FC60079E915 /* TbBTBasicSample */ = {
			isa = PBXGroup;
			children = (
				986E821E1B393FC60079E915 /* AppDelegate.h */,
				986E821F1B393FC60079E915 /* AppDelegate.m */,
				986E82211B393FC60079E915 /* FirstViewController.h */,
				986E82221B393FC60079E915 /* FirstViewController.m */,
				986E82241B393FC60079E915 /* SecondViewController.h */,
				986E82251B393FC60079E915 /* SecondViewController.m */,
				986E82271B393FC60079E915 /* Main.storyboard */,
				986E822A1B393FC60079E915 /* Images.xcassets */,
				986E822C1B393FC60079E915 /* LaunchScreen.xib */,
				986E821A1B393FC60079E915 /* Supporting Files */,
			);
			path = TbBTBasicSample;
			sourceTree = "<group>";
		};
		986E821A1B393FC60079E915 /* Supporting Files */ = {
			isa = PBXGroup;
			children = (
				986E821B1B393FC60079E915 /* Info.plist */,
				986E821C1B393FC60079E915 /* main.m */,
			);
			name = "Supporting Files";
			sourceTree = "<group>";
		};
		986E82361B393FC60079E915 /* TbBTBasicSampleTests */ = {
			isa = PBXGroup;
			children = (
				986E82391B393FC60079E915 /* TbBTBasicSampleTests.m */,
				986E82371B393FC60079E915 /* Supporting Files */,
			);
			path = TbBTBasicSampleTests;
			sourceTree = "<group>";
		};
		986E82371B393FC60079E915 /* Supporting Files */ = {
			isa = PBXGroup;
			children = (
				986E82381B393FC60079E915 /* Info.plist */,
			);
			name = "Supporting Files";
			sourceTree = "<group>";
		};
/* End PBXGroup section */

/* Begin PBXNativeTarget section */
		986E82161B393FC60079E915 /* TbBTBasicSample */ = {
			isa = PBXNativeTarget;
			buildConfigurationList = 986E823D1B393FC60079E915 /* Build configuration list for PBXNativeTarget "TbBTBasicSample" */;
			buildPhases = (
				986E82131B393FC60079E915 /* Sources */,
				986E82141B393FC60079E915 /* Frameworks */,
				986E82151B393FC60079E915 /* Resources */,
			);
			buildRules = (
			);
			dependencies = (
			);
			name = TbBTBasicSample;
			productName = TbBTBasicSample;
			productReference = 986E82171B393FC60079E915 /* TbBTBasicSample.app */;
			productType = "com.apple.product-type.application";
		};
		986E82321B393FC60079E915 /* TbBTBasicSampleTests */ = {
			isa = PBXNativeTarget;
			buildConfigurationList = 986E82401B393FC60079E915 /* Build configuration list for PBXNativeTarget "TbBTBasicSampleTests" */;
			buildPhases = (
				986E822F1B393FC60079E915 /* Sources */,
				986E82301B393FC60079E915 /* Frameworks */,
				986E82311B393FC60079E915 /* Resources */,
			);
			buildRules = (
			);
			dependencies = (
				986E82351B393FC60079E915 /* PBXTargetDependency */,
			);
			name = TbBTBasicSampleTests;
			productName = TbBTBasicSampleTests;
			productReference = 986E82331B393FC60079E915 /* TbBTBasicSampleTests.xctest */;
			productType = "com.apple.product-type.bundle.unit-test";
		};
/* End PBXNativeTarget section */

/* Begin PBXProject section */
		986E820F1B393FC60079E915 /* Project object */ = {
			isa = PBXProject;
			attributes = {
				LastUpgradeCheck = 0630;
				ORGANIZATIONNAME = 3bitter.com;
				TargetAttributes = {
					986E82161B393FC60079E915 = {
						CreatedOnToolsVersion = 6.3.1;
					};
					986E82321B393FC60079E915 = {
						CreatedOnToolsVersion = 6.3.1;
						TestTargetID = 986E82161B393FC60079E915;
					};
				};
			};
			buildConfigurationList = 986E82121B393FC60079E915 /* Build configuration list for PBXProject "TbBTBasicSample" */;
			compatibilityVersion = "Xcode 3.2";
			developmentRegion = English;
			hasScannedForEncodings = 0;
			knownRegions = (
				en,
				Base,
			);
			mainGroup = 986E820E1B393FC60079E915;
			productRefGroup = 986E82181B393FC60079E915 /* Products */;
			projectDirPath = "";
			projectRoot = "";
			targets = (
				986E82161B393FC60079E915 /* TbBTBasicSample */,
				986E82321B393FC60079E915 /* TbBTBasicSampleTests */,
			);
		};
/* End PBXProject section */

/* Begin PBXResourcesBuildPhase section */
		986E82151B393FC60079E915 /* Resources */ = {
			isa = PBXResourcesBuildPhase;
			buildActionMask = 2147483647;
			files = (
				986E82291B393FC60079E915 /* Main.storyboard in Resources */,
				986E822E1B393FC60079E915 /* LaunchScreen.xib in Resources */,
				986E822B1B393FC60079E915 /* Images.xcassets in Resources */,
			);
			runOnlyForDeploymentPostprocessing = 0;
		};
		986E82311B393FC60079E915 /* Resources */ = {
			isa = PBXResourcesBuildPhase;
			buildActionMask = 2147483647;
			files = (
			);
			runOnlyForDeploymentPostprocessing = 0;
		};
/* End PBXResourcesBuildPhase section */

/* Begin PBXSourcesBuildPhase section */
		986E82131B393FC60079E915 /* Sources */ = {
			isa = PBXSourcesBuildPhase;
			buildActionMask = 2147483647;
			files = (
				986E82261B393FC60079E915 /* SecondViewController.m in Sources */,
				986E82201B393FC60079E915 /* AppDelegate.m in Sources */,
				986E82231B393FC60079E915 /* FirstViewController.m in Sources */,
				986E821D1B393FC60079E915 /* main.m in Sources */,
			);
			runOnlyForDeploymentPostprocessing = 0;
		};
		986E822F1B393FC60079E915 /* Sources */ = {
			isa = PBXSourcesBuildPhase;
			buildActionMask = 2147483647;
			files = (
				986E823A1B393FC60079E915 /* TbBTBasicSampleTests.m in Sources */,
			);
			runOnlyForDeploymentPostprocessing = 0;
		};
/* End PBXSourcesBuildPhase section */

/* Begin PBXTargetDependency section */
		986E82351B393FC60079E915 /* PBXTargetDependency */ = {
			isa = PBXTargetDependency;
			target = 986E82161B393FC60079E915 /* TbBTBasicSample */;
			targetProxy = 986E82341B393FC60079E915 /* PBXContainerItemProxy */;
		};
/* End PBXTargetDependency section */

/* Begin PBXVariantGroup section */
		986E82271B393FC60079E915 /* Main.storyboard */ = {
			isa = PBXVariantGroup;
			children = (
				986E82281B393FC60079E915 /* Base */,
			);
			name = Main.storyboard;
			sourceTree = "<group>";
		};
		986E822C1B393FC60079E915 /* LaunchScreen.xib */ = {
			isa = PBXVariantGroup;
			children = (
				986E822D1B393FC60079E915 /* Base */,
			);
			name = LaunchScreen.xib;
			sourceTree = "<group>";
		};
/* End PBXVariantGroup section */

/* Begin XCBuildConfiguration section */
		986E823B1B393FC60079E915 /* Debug */ = {
			isa = XCBuildConfiguration;
			buildSettings = {
				ALWAYS_SEARCH_USER_PATHS = NO;
				CLANG_CXX_LANGUAGE_STANDARD = "gnu++0x";
				CLANG_CXX_LIBRARY = "libc++";
				CLANG_ENABLE_MODULES = YES;
				CLANG_ENABLE_OBJC_ARC = YES;
				CLANG_WARN_BOOL_CONVERSION = YES;
				CLANG_WARN_CONSTANT_CONVERSION = YES;
				CLANG_WARN_DIRECT_OBJC_ISA_USAGE = YES_ERROR;
				CLANG_WARN_EMPTY_BODY = YES;
				CLANG_WARN_ENUM_CONVERSION = YES;
				CLANG_WARN_INT_CONVERSION = YES;
				CLANG_WARN_OBJC_ROOT_CLASS = YES_ERROR;
				CLANG_WARN_UNREACHABLE_CODE = YES;
				CLANG_WARN__DUPLICATE_METHOD_MATCH = YES;
				"CODE_SIGN_IDENTITY[sdk=iphoneos*]" = "iPhone Developer";
				COPY_PHASE_STRIP = NO;
				DEBUG_INFORMATION_FORMAT = "dwarf-with-dsym";
				ENABLE_STRICT_OBJC_MSGSEND = YES;
				GCC_C_LANGUAGE_STANDARD = gnu99;
				GCC_DYNAMIC_NO_PIC = NO;
				GCC_NO_COMMON_BLOCKS = YES;
				GCC_OPTIMIZATION_LEVEL = 0;
				GCC_PREPROCESSOR_DEFINITIONS = (
					"DEBUG=1",
					"$(inherited)",
				);
				GCC_SYMBOLS_PRIVATE_EXTERN = NO;
				GCC_WARN_64_TO_32_BIT_CONVERSION = YES;
				GCC_WARN_ABOUT_RETURN_TYPE = YES_ERROR;
				GCC_WARN_UNDECLARED_SELECTOR = YES;
				GCC_WARN_UNINITIALIZED_AUTOS = YES_AGGRESSIVE;
				GCC_WARN_UNUSED_FUNCTION = YES;
				GCC_WARN_UNUSED_VARIABLE = YES;
				IPHONEOS_DEPLOYMENT_TARGET = 8.3;
				MTL_ENABLE_DEBUG_INFO = YES;
				ONLY_ACTIVE_ARCH = YES;
				SDKROOT = iphoneos;
			};
			name = Debug;
		};
		986E823C1B393FC60079E915 /* Release */ = {
			isa = XCBuildConfiguration;
			buildSettings = {
				ALWAYS_SEARCH_USER_PATHS = NO;
				CLANG_CXX_LANGUAGE_STANDARD = "gnu++0x";
				CLANG_CXX_LIBRARY = "libc++";
				CLANG_ENABLE_MODULES = YES;
				CLANG_ENABLE_OBJC_ARC = YES;
				CLANG_WARN_BOOL_CONVERSION = YES;
				CLANG_WARN_CONSTANT_CONVERSION = YES;
				CLANG_WARN_DIRECT_OBJC_ISA_USAGE = YES_ERROR;
				CLANG_WARN_EMPTY_BODY = YES;
				CLANG_WARN_ENUM_CONVERSION = YES;
				CLANG_WARN_INT_CONVERSION = YES;
				CLANG_WARN_OBJC_ROOT_CLASS = YES_ERROR;
				CLANG_WARN_UNREACHABLE_CODE = YES;
				CLANG_WARN__DUPLICATE_METHOD_MATCH = YES;
				"CODE_SIGN_IDENTITY[sdk=iphoneos*]" = "iPhone Developer";
				COPY_PHASE_STRIP = NO;
				DEBUG_INFORMATION_FORMAT = "dwarf-with-dsym";
				ENABLE_NS_ASSERTIONS = NO;
				ENABLE_STRICT_OBJC_MSGSEND = YES;
				GCC_C_LANGUAGE_STANDARD = gnu99;
				GCC_NO_COMMON_BLOCKS = YES;
				GCC_WARN_64_TO_32_BIT_CONVERSION = YES;
				GCC_WARN_ABOUT_RETURN_TYPE = YES_ERROR;
				GCC_WARN_UNDECLARED_SELECTOR = YES;
				GCC_WARN_UNINITIALIZED_AUTOS = YES_AGGRESSIVE;
				GCC_WARN_UNUSED_FUNCTION = YES;
				GCC_WARN_UNUSED_VARIABLE = YES;
				IPHONEOS_DEPLOYMENT_TARGET = 8.3;
				MTL_ENABLE_DEBUG_INFO = NO;
				SDKROOT = iphoneos;
				VALIDATE_PRODUCT = YES;
			};
			name = Release;
		};
		986E823E1B393FC60079E915 /* Debug */ = {
			isa = XCBuildConfiguration;
			buildSettings = {
				ASSETCATALOG_COMPILER_APPICON_NAME = AppIcon;
				INFOPLIST_FILE = TbBTBasicSample/Info.plist;
				LD_RUNPATH_SEARCH_PATHS = "$(inherited) @executable_path/Frameworks";
				PRODUCT_NAME = "$(TARGET_NAME)";
			};
			name = Debug;
		};
		986E823F1B393FC60079E915 /* Release */ = {
			isa = XCBuildConfiguration;
			buildSettings = {
				ASSETCATALOG_COMPILER_APPICON_NAME = AppIcon;
				INFOPLIST_FILE = TbBTBasicSample/Info.plist;
				LD_RUNPATH_SEARCH_PATHS = "$(inherited) @executable_path/Frameworks";
				PRODUCT_NAME = "$(TARGET_NAME)";
			};
			name = Release;
		};
		986E82411B393FC60079E915 /* Debug */ = {
			isa = XCBuildConfiguration;
			buildSettings = {
				BUNDLE_LOADER = "$(TEST_HOST)";
				FRAMEWORK_SEARCH_PATHS = (
					"$(SDKROOT)/Developer/Library/Frameworks",
					"$(inherited)",
				);
				GCC_PREPROCESSOR_DEFINITIONS = (
					"DEBUG=1",
					"$(inherited)",
				);
				INFOPLIST_FILE = TbBTBasicSampleTests/Info.plist;
				LD_RUNPATH_SEARCH_PATHS = "$(inherited) @executable_path/Frameworks @loader_path/Frameworks";
				PRODUCT_NAME = "$(TARGET_NAME)";
				TEST_HOST = "$(BUILT_PRODUCTS_DIR)/TbBTBasicSample.app/TbBTBasicSample";
			};
			name = Debug;
		};
		986E82421B393FC60079E915 /* Release */ = {
			isa = XCBuildConfiguration;
			buildSettings = {
				BUNDLE_LOADER = "$(TEST_HOST)";
				FRAMEWORK_SEARCH_PATHS = (
					"$(SDKROOT)/Developer/Library/Frameworks",
					"$(inherited)",
				);
				INFOPLIST_FILE = TbBTBasicSampleTests/Info.plist;
				LD_RUNPATH_SEARCH_PATHS = "$(inherited) @executable_path/Frameworks @loader_path/Frameworks";
				PRODUCT_NAME = "$(TARGET_NAME)";
				TEST_HOST = "$(BUILT_PRODUCTS_DIR)/TbBTBasicSample.app/TbBTBasicSample";
			};
			name = Release;
		};
/* End XCBuildConfiguration section */

/* Begin XCConfigurationList section */
		986E82121B393FC60079E915 /* Build configuration list for PBXProject "TbBTBasicSample" */ = {
			isa = XCConfigurationList;
			buildConfigurations = (
				986E823B1B393FC60079E915 /* Debug */,
				986E823C1B393FC60079E915 /* Release */,
			);
			defaultConfigurationIsVisible = 0;
			defaultConfigurationName = Release;
		};
		986E823D1B393FC60079E915 /* Build configuration list for PBXNativeTarget "TbBTBasicSample" */ = {
			isa = XCConfigurationList;
			buildConfigurations = (
				986E823E1B393FC60079E915 /* Debug */,
				986E823F1B393FC60079E915 /* Release */,
			);
			defaultConfigurationIsVisible = 0;
		};
		986E82401B393FC60079E915 /* Build configuration list for PBXNativeTarget "TbBTBasicSampleTests" */ = {
			isa = XCConfigurationList;
			buildConfigurations = (
				986E82411B393FC60079E915 /* Debug */,
				986E82421B393FC60079E915 /* Release */,
			);
			defaultConfigurationIsVisible = 0;
		};
/* End XCConfigurationList section */
	};
	rootObject = 986E820F1B393FC60079E915 /* Project object */;
}
